
Microsoft Visual Studio Solution File, Format Version 12.00
# Visual Studio 2012
Project("{F184B08F-C81C-45F6-A57F-5ABD9991F28F}") = "Main Load", "Main Load\Main Load.vbproj", "{3D3BE8E1-A6DA-45D6-A224-99D55D2E72F2}"
EndProject
Global
	GlobalSection(SolutionConfigurationPlatforms) = preSolution
		Debug|Any CPU = Debug|Any CPU
		Release|Any CPU = Release|Any CPU
	EndGlobalSection
	GlobalSection(ProjectConfigurationPlatforms) = postSolution
		{3D3BE8E1-A6DA-45D6-A224-99D55D2E72F2}.Debug|Any CPU.ActiveCfg = Debug|Any CPU
		{3D3BE8E1-A6DA-45D6-A224-99D55D2E72F2}.Debug|Any CPU.Build.0 = Debug|Any CPU
		{3D3BE8E1-A6DA-45D6-A224-99D55D2E72F2}.Release|Any CPU.ActiveCfg = Release|Any CPU
		{3D3BE8E1-A6DA-45D6-A224-99D55D2E72F2}.Release|Any CPU.Build.0 = Release|Any CPU
	EndGlobalSection
	GlobalSection(SolutionProperties) = preSolution
		HideSolutionNode = FALSE
	EndGlobalSection
EndGlobal
